
Microsoft Visual Studio Solution File, Format Version 12.00
# Visual Studio Version 16
VisualStudioVersion = 16.0.30621.155
MinimumVisualStudioVersion = 10.0.40219.1
Project("{E53339B2-1760-4266-BCC7-CA923CBCF16C}") = "docker-compose", "docker-compose.dcproj", "{730279D5-A139-43CE-85E8-0B6B697513F0}"
EndProject
Project("{9A19103F-16F7-4668-BE54-9A1E7A4F7556}") = "GameServer", "GameServer\GameServer.csproj", "{64EE1D9A-A5DD-4599-8601-4DD4AC66E538}"
EndProject
Project("{2150E333-8FDC-42A3-9474-1A3956D46DE8}") = "GamePart", "GamePart", "{AB4E727A-A8F2-4EBC-B96C-A1D05854EC78}"
EndProject
Project("{2150E333-8FDC-42A3-9474-1A3956D46DE8}") = "AccountPart", "AccountPart", "{725A30D6-1333-464D-A50D-6BBC9689AE60}"
EndProject
Project("{9A19103F-16F7-4668-BE54-9A1E7A4F7556}") = "GamePart.Api", "GamePart\Api.Game\GamePart.Api.csproj", "{16E89EA8-974C-4813-859F-C51C067A315C}"
EndProject
Project("{9A19103F-16F7-4668-BE54-9A1E7A4F7556}") = "GamePart.Domain", "GamePart\Domain\GamePart.Domain.csproj", "{F8114D30-5239-41D6-853B-DED288F9E84B}"
EndProject
Project("{9A19103F-16F7-4668-BE54-9A1E7A4F7556}") = "GamePart.Repository", "GamePart\Game.Repository\GamePart.Repository.csproj", "{90EE4771-D3FD-407C-ACD3-581FA18D776A}"
EndProject
Project("{9A19103F-16F7-4668-BE54-9A1E7A4F7556}") = "GamePart.Read", "GamePart\GamePart.Read\GamePart.Read.csproj", "{ECBFAAB1-2504-477E-A05A-212377F14743}"
EndProject
Project("{9A19103F-16F7-4668-BE54-9A1E7A4F7556}") = "AccountPart.Api", "AccountPart\AccountPart.Api\AccountPart.Api.csproj", "{D5C527EC-D119-4DA1-B513-F9FD8F8241B5}"
EndProject
Project("{9A19103F-16F7-4668-BE54-9A1E7A4F7556}") = "AccountPart.Domain", "AccountPart\AccountPart.Domain\AccountPart.Domain.csproj", "{D7F0BC50-6F97-483A-9A0A-BDDE0DB76A64}"
EndProject
Global
	GlobalSection(SolutionConfigurationPlatforms) = preSolution
		Debug|Any CPU = Debug|Any CPU
		Release|Any CPU = Release|Any CPU
	EndGlobalSection
	GlobalSection(ProjectConfigurationPlatforms) = postSolution
		{730279D5-A139-43CE-85E8-0B6B697513F0}.Debug|Any CPU.ActiveCfg = Debug|Any CPU
		{730279D5-A139-43CE-85E8-0B6B697513F0}.Debug|Any CPU.Build.0 = Debug|Any CPU
		{730279D5-A139-43CE-85E8-0B6B697513F0}.Release|Any CPU.ActiveCfg = Release|Any CPU
		{730279D5-A139-43CE-85E8-0B6B697513F0}.Release|Any CPU.Build.0 = Release|Any CPU
		{64EE1D9A-A5DD-4599-8601-4DD4AC66E538}.Debug|Any CPU.ActiveCfg = Debug|Any CPU
		{64EE1D9A-A5DD-4599-8601-4DD4AC66E538}.Debug|Any CPU.Build.0 = Debug|Any CPU
		{64EE1D9A-A5DD-4599-8601-4DD4AC66E538}.Release|Any CPU.ActiveCfg = Release|Any CPU
		{64EE1D9A-A5DD-4599-8601-4DD4AC66E538}.Release|Any CPU.Build.0 = Release|Any CPU
		{16E89EA8-974C-4813-859F-C51C067A315C}.Debug|Any CPU.ActiveCfg = Debug|Any CPU
		{16E89EA8-974C-4813-859F-C51C067A315C}.Debug|Any CPU.Build.0 = Debug|Any CPU
		{16E89EA8-974C-4813-859F-C51C067A315C}.Release|Any CPU.ActiveCfg = Release|Any CPU
		{16E89EA8-974C-4813-859F-C51C067A315C}.Release|Any CPU.Build.0 = Release|Any CPU
		{F8114D30-5239-41D6-853B-DED288F9E84B}.Debug|Any CPU.ActiveCfg = Debug|Any CPU
		{F8114D30-5239-41D6-853B-DED288F9E84B}.Debug|Any CPU.Build.0 = Debug|Any CPU
		{F8114D30-5239-41D6-853B-DED288F9E84B}.Release|Any CPU.ActiveCfg = Release|Any CPU
		{F8114D30-5239-41D6-853B-DED288F9E84B}.Release|Any CPU.Build.0 = Release|Any CPU
		{90EE4771-D3FD-407C-ACD3-581FA18D776A}.Debug|Any CPU.ActiveCfg = Debug|Any CPU
		{90EE4771-D3FD-407C-ACD3-581FA18D776A}.Debug|Any CPU.Build.0 = Debug|Any CPU
		{90EE4771-D3FD-407C-ACD3-581FA18D776A}.Release|Any CPU.ActiveCfg = Release|Any CPU
		{90EE4771-D3FD-407C-ACD3-581FA18D776A}.Release|Any CPU.Build.0 = Release|Any CPU
		{ECBFAAB1-2504-477E-A05A-212377F14743}.Debug|Any CPU.ActiveCfg = Debug|Any CPU
		{ECBFAAB1-2504-477E-A05A-212377F14743}.Debug|Any CPU.Build.0 = Debug|Any CPU
		{ECBFAAB1-2504-477E-A05A-212377F14743}.Release|Any CPU.ActiveCfg = Release|Any CPU
		{ECBFAAB1-2504-477E-A05A-212377F14743}.Release|Any CPU.Build.0 = Release|Any CPU
		{D5C527EC-D119-4DA1-B513-F9FD8F8241B5}.Debug|Any CPU.ActiveCfg = Debug|Any CPU
		{D5C527EC-D119-4DA1-B513-F9FD8F8241B5}.Debug|Any CPU.Build.0 = Debug|Any CPU
		{D5C527EC-D119-4DA1-B513-F9FD8F8241B5}.Release|Any CPU.ActiveCfg = Release|Any CPU
		{D5C527EC-D119-4DA1-B513-F9FD8F8241B5}.Release|Any CPU.Build.0 = Release|Any CPU
		{D7F0BC50-6F97-483A-9A0A-BDDE0DB76A64}.Debug|Any CPU.ActiveCfg = Debug|Any CPU
		{D7F0BC50-6F97-483A-9A0A-BDDE0DB76A64}.Debug|Any CPU.Build.0 = Debug|Any CPU
		{D7F0BC50-6F97-483A-9A0A-BDDE0DB76A64}.Release|Any CPU.ActiveCfg = Release|Any CPU
		{D7F0BC50-6F97-483A-9A0A-BDDE0DB76A64}.Release|Any CPU.Build.0 = Release|Any CPU
	EndGlobalSection
	GlobalSection(SolutionProperties) = preSolution
		HideSolutionNode = FALSE
	EndGlobalSection
	GlobalSection(NestedProjects) = preSolution
		{16E89EA8-974C-4813-859F-C51C067A315C} = {AB4E727A-A8F2-4EBC-B96C-A1D05854EC78}
		{F8114D30-5239-41D6-853B-DED288F9E84B} = {AB4E727A-A8F2-4EBC-B96C-A1D05854EC78}
		{90EE4771-D3FD-407C-ACD3-581FA18D776A} = {AB4E727A-A8F2-4EBC-B96C-A1D05854EC78}
		{ECBFAAB1-2504-477E-A05A-212377F14743} = {AB4E727A-A8F2-4EBC-B96C-A1D05854EC78}
		{D5C527EC-D119-4DA1-B513-F9FD8F8241B5} = {725A30D6-1333-464D-A50D-6BBC9689AE60}
		{D7F0BC50-6F97-483A-9A0A-BDDE0DB76A64} = {725A30D6-1333-464D-A50D-6BBC9689AE60}
	EndGlobalSection
	GlobalSection(ExtensibilityGlobals) = postSolution
		SolutionGuid = {ED22852B-41E6-4897-BFDA-1A596ECAF40F}
	EndGlobalSection
EndGlobal
